
Microsoft Visual Studio Solution File, Format Version 12.00
# Visual Studio 15
VisualStudioVersion = 15.0.27428.2015
MinimumVisualStudioVersion = 10.0.40219.1
Project("{888888A0-9F3D-457C-B088-3A5042F75D52}") = "ByTheChimney", "ByTheChimney\ByTheChimney.pyproj", "{D421CF0B-C668-47CE-8294-DD379661C767}"
EndProject
Global
	GlobalSection(SolutionConfigurationPlatforms) = preSolution
		Debug|Any CPU = Debug|Any CPU
		Release|Any CPU = Release|Any CPU
	EndGlobalSection
	GlobalSection(ProjectConfigurationPlatforms) = postSolution
		{D421CF0B-C668-47CE-8294-DD379661C767}.Debug|Any CPU.ActiveCfg = Debug|Any CPU
		{D421CF0B-C668-47CE-8294-DD379661C767}.Debug|Any CPU.Build.0 = Debug|Any CPU
		{D421CF0B-C668-47CE-8294-DD379661C767}.Release|Any CPU.ActiveCfg = Release|Any CPU
		{D421CF0B-C668-47CE-8294-DD379661C767}.Release|Any CPU.Build.0 = Release|Any CPU
	EndGlobalSection
	GlobalSection(SolutionProperties) = preSolution
		HideSolutionNode = FALSE
	EndGlobalSection
	GlobalSection(ExtensibilityGlobals) = postSolution
		SolutionGuid = {EC3DC759-28C4-4646-B123-3144ECD4A021}
	EndGlobalSection
EndGlobal
